
Microsoft Visual Studio Solution File, Format Version 12.00
# Visual Studio Version 16
VisualStudioVersion = 25.0.1700.0
MinimumVisualStudioVersion = 10.0.40219.1
Project("{FAE04EC0-301F-11D3-BF4B-00C04F79EFBC}") = "Astound.ReactNative.macOS.Bindings", "Astound.ReactNative.macOS.Bindings\Astound.ReactNative.macOS.Bindings.csproj", "{9F8D20D8-8BED-49D6-A6DB-03DBF5E3BE8E}"
EndProject
Project("{FAE04EC0-301F-11D3-BF4B-00C04F79EFBC}") = "Astound.ReactNative.macOS.Extensions", "Astound.ReactNative.macOS.Extensions\Astound.ReactNative.macOS.Extensions.csproj", "{E4AAE7D0-D70F-4933-8A73-D72A3E32497C}"
EndProject
Global
	GlobalSection(SolutionConfigurationPlatforms) = preSolution
		Debug|Any CPU = Debug|Any CPU
		Release|Any CPU = Release|Any CPU
	EndGlobalSection
	GlobalSection(ProjectConfigurationPlatforms) = postSolution
		{9F8D20D8-8BED-49D6-A6DB-03DBF5E3BE8E}.Debug|Any CPU.ActiveCfg = Debug|Any CPU
		{9F8D20D8-8BED-49D6-A6DB-03DBF5E3BE8E}.Debug|Any CPU.Build.0 = Debug|Any CPU
		{9F8D20D8-8BED-49D6-A6DB-03DBF5E3BE8E}.Release|Any CPU.ActiveCfg = Release|Any CPU
		{9F8D20D8-8BED-49D6-A6DB-03DBF5E3BE8E}.Release|Any CPU.Build.0 = Release|Any CPU
		{E4AAE7D0-D70F-4933-8A73-D72A3E32497C}.Debug|Any CPU.ActiveCfg = Debug|Any CPU
		{E4AAE7D0-D70F-4933-8A73-D72A3E32497C}.Debug|Any CPU.Build.0 = Debug|Any CPU
		{E4AAE7D0-D70F-4933-8A73-D72A3E32497C}.Release|Any CPU.ActiveCfg = Release|Any CPU
		{E4AAE7D0-D70F-4933-8A73-D72A3E32497C}.Release|Any CPU.Build.0 = Release|Any CPU
	EndGlobalSection
	GlobalSection(SolutionProperties) = preSolution
		HideSolutionNode = FALSE
	EndGlobalSection
	GlobalSection(ExtensibilityGlobals) = postSolution
		SolutionGuid = {EB002089-3DBF-4654-AA4E-D64A75F38064}
	EndGlobalSection
	GlobalSection(MonoDevelopProperties) = preSolution
		version = 0.64.1
	EndGlobalSection
EndGlobal
