// !$*UTF8*$!
{
	archiveVersion = 1;
	classes = {
	};
	objectVersion = 55;
	objects = {

/* Begin PBXBuildFile section */
		396A05638549EBB36D8D0BE0 /* libPods-ReactNative-macOS.a in Frameworks */ = {isa = PBXBuildFile; fileRef = FB21909AC19024C5D52E2F93 /* libPods-ReactNative-macOS.a */; };
		47E1D6C528183ADC0033F772 /* libDoubleConversion.a in Frameworks */ = {isa = PBXBuildFile; fileRef = 47E1D6C428183ADC0033F772 /* libDoubleConversion.a */; };
		47E1D6C728183AFD0033F772 /* libFBReactNativeSpec.a in Frameworks */ = {isa = PBXBuildFile; fileRef = 47E1D6C628183AFD0033F772 /* libFBReactNativeSpec.a */; };
		47E1D6C928183B030033F772 /* libRCT-Folly.a in Frameworks */ = {isa = PBXBuildFile; fileRef = 47E1D6C828183B030033F772 /* libRCT-Folly.a */; };
		47E1D6CB28183B110033F772 /* libRCTTypeSafety.a in Frameworks */ = {isa = PBXBuildFile; fileRef = 47E1D6CA28183B110033F772 /* libRCTTypeSafety.a */; };
		47E1D6CD28183B320033F772 /* libReact-Core.a in Frameworks */ = {isa = PBXBuildFile; fileRef = 47E1D6CC28183B320033F772 /* libReact-Core.a */; };
		47E1D6CF28183B380033F772 /* libReact-CoreModules.a in Frameworks */ = {isa = PBXBuildFile; fileRef = 47E1D6CE28183B380033F772 /* libReact-CoreModules.a */; };
		47E1D6D128183B4A0033F772 /* libReact-RCTAnimation.a in Frameworks */ = {isa = PBXBuildFile; fileRef = 47E1D6D028183B4A0033F772 /* libReact-RCTAnimation.a */; };
		47E1D6D328183B4F0033F772 /* libReact-RCTBlob.a in Frameworks */ = {isa = PBXBuildFile; fileRef = 47E1D6D228183B4F0033F772 /* libReact-RCTBlob.a */; };
		47E1D6D528183B540033F772 /* libReact-RCTImage.a in Frameworks */ = {isa = PBXBuildFile; fileRef = 47E1D6D428183B540033F772 /* libReact-RCTImage.a */; };
		47E1D6D728183B680033F772 /* libReact-RCTLinking.a in Frameworks */ = {isa = PBXBuildFile; fileRef = 47E1D6D628183B680033F772 /* libReact-RCTLinking.a */; };
		47E1D6D928183B6C0033F772 /* libReact-RCTNetwork.a in Frameworks */ = {isa = PBXBuildFile; fileRef = 47E1D6D828183B6C0033F772 /* libReact-RCTNetwork.a */; };
		47E1D6DB28183B710033F772 /* libReact-RCTSettings.a in Frameworks */ = {isa = PBXBuildFile; fileRef = 47E1D6DA28183B710033F772 /* libReact-RCTSettings.a */; };
		47E1D6DD28183B750033F772 /* libReact-RCTText.a in Frameworks */ = {isa = PBXBuildFile; fileRef = 47E1D6DC28183B750033F772 /* libReact-RCTText.a */; };
		47E1D6DF28183B790033F772 /* libReact-RCTVibration.a in Frameworks */ = {isa = PBXBuildFile; fileRef = 47E1D6DE28183B790033F772 /* libReact-RCTVibration.a */; };
		47E1D6E128183B920033F772 /* libReact-cxxreact.a in Frameworks */ = {isa = PBXBuildFile; fileRef = 47E1D6E028183B920033F772 /* libReact-cxxreact.a */; };
		47E1D6E328183B920033F772 /* libReact-jsi.a in Frameworks */ = {isa = PBXBuildFile; fileRef = 47E1D6E228183B920033F772 /* libReact-jsi.a */; };
		47E1D6E528183B920033F772 /* libReact-jsiexecutor.a in Frameworks */ = {isa = PBXBuildFile; fileRef = 47E1D6E428183B920033F772 /* libReact-jsiexecutor.a */; };
		47E1D6E728183B920033F772 /* libReact-jsinspector.a in Frameworks */ = {isa = PBXBuildFile; fileRef = 47E1D6E628183B920033F772 /* libReact-jsinspector.a */; };
		47E1D6E928183BA70033F772 /* libReact-perflogger.a in Frameworks */ = {isa = PBXBuildFile; fileRef = 47E1D6E828183BA70033F772 /* libReact-perflogger.a */; };
		47E1D6EB28183BAD0033F772 /* libReactCommon.a in Frameworks */ = {isa = PBXBuildFile; fileRef = 47E1D6EA28183BAD0033F772 /* libReactCommon.a */; };
		47E1D6ED28183BC10033F772 /* libYoga.a in Frameworks */ = {isa = PBXBuildFile; fileRef = 47E1D6EC28183BC10033F772 /* libYoga.a */; };
		47E1D6EF28183BC70033F772 /* libglog.a in Frameworks */ = {isa = PBXBuildFile; fileRef = 47E1D6EE28183BC70033F772 /* libglog.a */; };
		B916F81C2849307D002DEDF4 /* libRNCPicker.a in Frameworks */ = {isa = PBXBuildFile; fileRef = B916F81B2849307D002DEDF4 /* libRNCPicker.a */; };
		B992DB702811C33300A251B8 /* ReactNative_macOS.h in Headers */ = {isa = PBXBuildFile; fileRef = B992DB6F2811C33300A251B8 /* ReactNative_macOS.h */; };
		B992DB722811C33300A251B8 /* ReactNative_macOS.m in Sources */ = {isa = PBXBuildFile; fileRef = B992DB712811C33300A251B8 /* ReactNative_macOS.m */; };
/* End PBXBuildFile section */

/* Begin PBXFileReference section */
		01F3DF25984DE82C3C3C50C4 /* Pods-ReactNative-macOS.debug.xcconfig */ = {isa = PBXFileReference; includeInIndex = 1; lastKnownFileType = text.xcconfig; name = "Pods-ReactNative-macOS.debug.xcconfig"; path = "Target Support Files/Pods-ReactNative-macOS/Pods-ReactNative-macOS.debug.xcconfig"; sourceTree = "<group>"; };
		47E1D6C428183ADC0033F772 /* libDoubleConversion.a */ = {isa = PBXFileReference; explicitFileType = archive.ar; path = libDoubleConversion.a; sourceTree = BUILT_PRODUCTS_DIR; };
		47E1D6C628183AFD0033F772 /* libFBReactNativeSpec.a */ = {isa = PBXFileReference; explicitFileType = archive.ar; path = libFBReactNativeSpec.a; sourceTree = BUILT_PRODUCTS_DIR; };
		47E1D6C828183B030033F772 /* libRCT-Folly.a */ = {isa = PBXFileReference; explicitFileType = archive.ar; path = "libRCT-Folly.a"; sourceTree = BUILT_PRODUCTS_DIR; };
		47E1D6CA28183B110033F772 /* libRCTTypeSafety.a */ = {isa = PBXFileReference; explicitFileType = archive.ar; path = libRCTTypeSafety.a; sourceTree = BUILT_PRODUCTS_DIR; };
		47E1D6CC28183B320033F772 /* libReact-Core.a */ = {isa = PBXFileReference; explicitFileType = archive.ar; path = "libReact-Core.a"; sourceTree = BUILT_PRODUCTS_DIR; };
		47E1D6CE28183B380033F772 /* libReact-CoreModules.a */ = {isa = PBXFileReference; explicitFileType = archive.ar; path = "libReact-CoreModules.a"; sourceTree = BUILT_PRODUCTS_DIR; };
		47E1D6D028183B4A0033F772 /* libReact-RCTAnimation.a */ = {isa = PBXFileReference; explicitFileType = archive.ar; path = "libReact-RCTAnimation.a"; sourceTree = BUILT_PRODUCTS_DIR; };
		47E1D6D228183B4F0033F772 /* libReact-RCTBlob.a */ = {isa = PBXFileReference; explicitFileType = archive.ar; path = "libReact-RCTBlob.a"; sourceTree = BUILT_PRODUCTS_DIR; };
		47E1D6D428183B540033F772 /* libReact-RCTImage.a */ = {isa = PBXFileReference; explicitFileType = archive.ar; path = "libReact-RCTImage.a"; sourceTree = BUILT_PRODUCTS_DIR; };
		47E1D6D628183B680033F772 /* libReact-RCTLinking.a */ = {isa = PBXFileReference; explicitFileType = archive.ar; path = "libReact-RCTLinking.a"; sourceTree = BUILT_PRODUCTS_DIR; };
		47E1D6D828183B6C0033F772 /* libReact-RCTNetwork.a */ = {isa = PBXFileReference; explicitFileType = archive.ar; path = "libReact-RCTNetwork.a"; sourceTree = BUILT_PRODUCTS_DIR; };
		47E1D6DA28183B710033F772 /* libReact-RCTSettings.a */ = {isa = PBXFileReference; explicitFileType = archive.ar; path = "libReact-RCTSettings.a"; sourceTree = BUILT_PRODUCTS_DIR; };
		47E1D6DC28183B750033F772 /* libReact-RCTText.a */ = {isa = PBXFileReference; explicitFileType = archive.ar; path = "libReact-RCTText.a"; sourceTree = BUILT_PRODUCTS_DIR; };
		47E1D6DE28183B790033F772 /* libReact-RCTVibration.a */ = {isa = PBXFileReference; explicitFileType = archive.ar; path = "libReact-RCTVibration.a"; sourceTree = BUILT_PRODUCTS_DIR; };
		47E1D6E028183B920033F772 /* libReact-cxxreact.a */ = {isa = PBXFileReference; explicitFileType = archive.ar; path = "libReact-cxxreact.a"; sourceTree = BUILT_PRODUCTS_DIR; };
		47E1D6E228183B920033F772 /* libReact-jsi.a */ = {isa = PBXFileReference; explicitFileType = archive.ar; path = "libReact-jsi.a"; sourceTree = BUILT_PRODUCTS_DIR; };
		47E1D6E428183B920033F772 /* libReact-jsiexecutor.a */ = {isa = PBXFileReference; explicitFileType = archive.ar; path = "libReact-jsiexecutor.a"; sourceTree = BUILT_PRODUCTS_DIR; };
		47E1D6E628183B920033F772 /* libReact-jsinspector.a */ = {isa = PBXFileReference; explicitFileType = archive.ar; path = "libReact-jsinspector.a"; sourceTree = BUILT_PRODUCTS_DIR; };
		47E1D6E828183BA70033F772 /* libReact-perflogger.a */ = {isa = PBXFileReference; explicitFileType = archive.ar; path = "libReact-perflogger.a"; sourceTree = BUILT_PRODUCTS_DIR; };
		47E1D6EA28183BAD0033F772 /* libReactCommon.a */ = {isa = PBXFileReference; explicitFileType = archive.ar; path = libReactCommon.a; sourceTree = BUILT_PRODUCTS_DIR; };
		47E1D6EC28183BC10033F772 /* libYoga.a */ = {isa = PBXFileReference; explicitFileType = archive.ar; path = libYoga.a; sourceTree = BUILT_PRODUCTS_DIR; };
		47E1D6EE28183BC70033F772 /* libglog.a */ = {isa = PBXFileReference; explicitFileType = archive.ar; path = libglog.a; sourceTree = BUILT_PRODUCTS_DIR; };
		47E1D6F028183BD80033F772 /* AudioToolbox.framework */ = {isa = PBXFileReference; lastKnownFileType = wrapper.framework; name = AudioToolbox.framework; path = System/Library/Frameworks/AudioToolbox.framework; sourceTree = SDKROOT; };
		47E1D6F228183BE40033F772 /* JavaScriptCore.framework */ = {isa = PBXFileReference; lastKnownFileType = wrapper.framework; name = JavaScriptCore.framework; path = System/Library/Frameworks/JavaScriptCore.framework; sourceTree = SDKROOT; };
		B916F81B2849307D002DEDF4 /* libRNCPicker.a */ = {isa = PBXFileReference; explicitFileType = archive.ar; path = libRNCPicker.a; sourceTree = BUILT_PRODUCTS_DIR; };
		B992DB6C2811C33300A251B8 /* libReactNative-macOS.a */ = {isa = PBXFileReference; explicitFileType = archive.ar; includeInIndex = 0; path = "libReactNative-macOS.a"; sourceTree = BUILT_PRODUCTS_DIR; };
		B992DB6F2811C33300A251B8 /* ReactNative_macOS.h */ = {isa = PBXFileReference; lastKnownFileType = sourcecode.c.h; path = ReactNative_macOS.h; sourceTree = "<group>"; };
		B992DB712811C33300A251B8 /* ReactNative_macOS.m */ = {isa = PBXFileReference; lastKnownFileType = sourcecode.c.objc; path = ReactNative_macOS.m; sourceTree = "<group>"; };
		BF09FAAE44906801DC687D15 /* Pods-ReactNative-macOS.release.xcconfig */ = {isa = PBXFileReference; includeInIndex = 1; lastKnownFileType = text.xcconfig; name = "Pods-ReactNative-macOS.release.xcconfig"; path = "Target Support Files/Pods-ReactNative-macOS/Pods-ReactNative-macOS.release.xcconfig"; sourceTree = "<group>"; };
		FB21909AC19024C5D52E2F93 /* libPods-ReactNative-macOS.a */ = {isa = PBXFileReference; explicitFileType = archive.ar; includeInIndex = 0; path = "libPods-ReactNative-macOS.a"; sourceTree = BUILT_PRODUCTS_DIR; };
/* End PBXFileReference section */

/* Begin PBXFrameworksBuildPhase section */
		B992DB6A2811C33300A251B8 /* Frameworks */ = {
			isa = PBXFrameworksBuildPhase;
			buildActionMask = 2147483647;
			files = (
				B916F81C2849307D002DEDF4 /* libRNCPicker.a in Frameworks */,
				47E1D6EF28183BC70033F772 /* libglog.a in Frameworks */,
				47E1D6ED28183BC10033F772 /* libYoga.a in Frameworks */,
				47E1D6EB28183BAD0033F772 /* libReactCommon.a in Frameworks */,
				47E1D6E928183BA70033F772 /* libReact-perflogger.a in Frameworks */,
				47E1D6E128183B920033F772 /* libReact-cxxreact.a in Frameworks */,
				47E1D6E328183B920033F772 /* libReact-jsi.a in Frameworks */,
				47E1D6E528183B920033F772 /* libReact-jsiexecutor.a in Frameworks */,
				47E1D6E728183B920033F772 /* libReact-jsinspector.a in Frameworks */,
				47E1D6DF28183B790033F772 /* libReact-RCTVibration.a in Frameworks */,
				47E1D6DD28183B750033F772 /* libReact-RCTText.a in Frameworks */,
				47E1D6DB28183B710033F772 /* libReact-RCTSettings.a in Frameworks */,
				47E1D6D928183B6C0033F772 /* libReact-RCTNetwork.a in Frameworks */,
				47E1D6D728183B680033F772 /* libReact-RCTLinking.a in Frameworks */,
				47E1D6D528183B540033F772 /* libReact-RCTImage.a in Frameworks */,
				47E1D6D328183B4F0033F772 /* libReact-RCTBlob.a in Frameworks */,
				47E1D6D128183B4A0033F772 /* libReact-RCTAnimation.a in Frameworks */,
				47E1D6CF28183B380033F772 /* libReact-CoreModules.a in Frameworks */,
				47E1D6CD28183B320033F772 /* libReact-Core.a in Frameworks */,
				47E1D6CB28183B110033F772 /* libRCTTypeSafety.a in Frameworks */,
				47E1D6C928183B030033F772 /* libRCT-Folly.a in Frameworks */,
				47E1D6C728183AFD0033F772 /* libFBReactNativeSpec.a in Frameworks */,
				47E1D6C528183ADC0033F772 /* libDoubleConversion.a in Frameworks */,
				396A05638549EBB36D8D0BE0 /* libPods-ReactNative-macOS.a in Frameworks */,
			);
			runOnlyForDeploymentPostprocessing = 0;
		};
/* End PBXFrameworksBuildPhase section */

/* Begin PBXGroup section */
		94D294D0A014BD94A87B92F4 /* Pods */ = {
			isa = PBXGroup;
			children = (
				01F3DF25984DE82C3C3C50C4 /* Pods-ReactNative-macOS.debug.xcconfig */,
				BF09FAAE44906801DC687D15 /* Pods-ReactNative-macOS.release.xcconfig */,
			);
			path = Pods;
			sourceTree = "<group>";
		};
		A0C84954AA56768CD959BA95 /* Frameworks */ = {
			isa = PBXGroup;
			children = (
				B916F81B2849307D002DEDF4 /* libRNCPicker.a */,
				47E1D6F228183BE40033F772 /* JavaScriptCore.framework */,
				47E1D6F028183BD80033F772 /* AudioToolbox.framework */,
				47E1D6EE28183BC70033F772 /* libglog.a */,
				47E1D6EC28183BC10033F772 /* libYoga.a */,
				47E1D6EA28183BAD0033F772 /* libReactCommon.a */,
				47E1D6E828183BA70033F772 /* libReact-perflogger.a */,
				47E1D6E028183B920033F772 /* libReact-cxxreact.a */,
				47E1D6E228183B920033F772 /* libReact-jsi.a */,
				47E1D6E428183B920033F772 /* libReact-jsiexecutor.a */,
				47E1D6E628183B920033F772 /* libReact-jsinspector.a */,
				47E1D6DE28183B790033F772 /* libReact-RCTVibration.a */,
				47E1D6DC28183B750033F772 /* libReact-RCTText.a */,
				47E1D6DA28183B710033F772 /* libReact-RCTSettings.a */,
				47E1D6D828183B6C0033F772 /* libReact-RCTNetwork.a */,
				47E1D6D628183B680033F772 /* libReact-RCTLinking.a */,
				47E1D6D428183B540033F772 /* libReact-RCTImage.a */,
				47E1D6D228183B4F0033F772 /* libReact-RCTBlob.a */,
				47E1D6D028183B4A0033F772 /* libReact-RCTAnimation.a */,
				47E1D6CE28183B380033F772 /* libReact-CoreModules.a */,
				47E1D6CC28183B320033F772 /* libReact-Core.a */,
				47E1D6CA28183B110033F772 /* libRCTTypeSafety.a */,
				47E1D6C828183B030033F772 /* libRCT-Folly.a */,
				47E1D6C628183AFD0033F772 /* libFBReactNativeSpec.a */,
				47E1D6C428183ADC0033F772 /* libDoubleConversion.a */,
				FB21909AC19024C5D52E2F93 /* libPods-ReactNative-macOS.a */,
			);
			name = Frameworks;
			sourceTree = "<group>";
		};
		B992DB632811C33300A251B8 = {
			isa = PBXGroup;
			children = (
				B992DB6E2811C33300A251B8 /* ReactNative-macOS */,
				B992DB6D2811C33300A251B8 /* Products */,
				94D294D0A014BD94A87B92F4 /* Pods */,
				A0C84954AA56768CD959BA95 /* Frameworks */,
			);
			sourceTree = "<group>";
		};
		B992DB6D2811C33300A251B8 /* Products */ = {
			isa = PBXGroup;
			children = (
				B992DB6C2811C33300A251B8 /* libReactNative-macOS.a */,
			);
			name = Products;
			sourceTree = "<group>";
		};
		B992DB6E2811C33300A251B8 /* ReactNative-macOS */ = {
			isa = PBXGroup;
			children = (
				B992DB6F2811C33300A251B8 /* ReactNative_macOS.h */,
				B992DB712811C33300A251B8 /* ReactNative_macOS.m */,
			);
			path = "ReactNative-macOS";
			sourceTree = "<group>";
		};
/* End PBXGroup section */

/* Begin PBXHeadersBuildPhase section */
		B992DB682811C33300A251B8 /* Headers */ = {
			isa = PBXHeadersBuildPhase;
			buildActionMask = 2147483647;
			files = (
				B992DB702811C33300A251B8 /* ReactNative_macOS.h in Headers */,
			);
			runOnlyForDeploymentPostprocessing = 0;
		};
/* End PBXHeadersBuildPhase section */

/* Begin PBXNativeTarget section */
		B992DB6B2811C33300A251B8 /* ReactNative-macOS */ = {
			isa = PBXNativeTarget;
			buildConfigurationList = B992DB752811C33300A251B8 /* Build configuration list for PBXNativeTarget "ReactNative-macOS" */;
			buildPhases = (
				7429B81A06EC74265D87B6E6 /* [CP] Check Pods Manifest.lock */,
				B992DB682811C33300A251B8 /* Headers */,
				B992DB692811C33300A251B8 /* Sources */,
				B992DB6A2811C33300A251B8 /* Frameworks */,
			);
			buildRules = (
			);
			dependencies = (
			);
			name = "ReactNative-macOS";
			productName = "ReactNative-macOS";
			productReference = B992DB6C2811C33300A251B8 /* libReactNative-macOS.a */;
			productType = "com.apple.product-type.library.static";
		};
/* End PBXNativeTarget section */

/* Begin PBXProject section */
		B992DB642811C33300A251B8 /* Project object */ = {
			isa = PBXProject;
			attributes = {
				BuildIndependentTargetsInParallel = 1;
				LastUpgradeCheck = 1330;
				TargetAttributes = {
					B992DB6B2811C33300A251B8 = {
						CreatedOnToolsVersion = 13.3.1;
					};
				};
			};
			buildConfigurationList = B992DB672811C33300A251B8 /* Build configuration list for PBXProject "ReactNative-macOS" */;
			compatibilityVersion = "Xcode 13.0";
			developmentRegion = en;
			hasScannedForEncodings = 0;
			knownRegions = (
				en,
				Base,
			);
			mainGroup = B992DB632811C33300A251B8;
			productRefGroup = B992DB6D2811C33300A251B8 /* Products */;
			projectDirPath = "";
			projectRoot = "";
			targets = (
				B992DB6B2811C33300A251B8 /* ReactNative-macOS */,
			);
		};
/* End PBXProject section */

/* Begin PBXShellScriptBuildPhase section */
		7429B81A06EC74265D87B6E6 /* [CP] Check Pods Manifest.lock */ = {
			isa = PBXShellScriptBuildPhase;
			buildActionMask = 2147483647;
			files = (
			);
			inputFileListPaths = (
			);
			inputPaths = (
				"${PODS_PODFILE_DIR_PATH}/Podfile.lock",
				"${PODS_ROOT}/Manifest.lock",
			);
			name = "[CP] Check Pods Manifest.lock";
			outputFileListPaths = (
			);
			outputPaths = (
				"$(DERIVED_FILE_DIR)/Pods-ReactNative-macOS-checkManifestLockResult.txt",
			);
			runOnlyForDeploymentPostprocessing = 0;
			shellPath = /bin/sh;
			shellScript = "diff \"${PODS_PODFILE_DIR_PATH}/Podfile.lock\" \"${PODS_ROOT}/Manifest.lock\" > /dev/null\nif [ $? != 0 ] ; then\n    # print error to STDERR\n    echo \"error: The sandbox is not in sync with the Podfile.lock. Run 'pod install' or update your CocoaPods installation.\" >&2\n    exit 1\nfi\n# This output is used by Xcode 'outputs' to avoid re-running this script phase.\necho \"SUCCESS\" > \"${SCRIPT_OUTPUT_FILE_0}\"\n";
			showEnvVarsInLog = 0;
		};
/* End PBXShellScriptBuildPhase section */

/* Begin PBXSourcesBuildPhase section */
		B992DB692811C33300A251B8 /* Sources */ = {
			isa = PBXSourcesBuildPhase;
			buildActionMask = 2147483647;
			files = (
				B992DB722811C33300A251B8 /* ReactNative_macOS.m in Sources */,
			);
			runOnlyForDeploymentPostprocessing = 0;
		};
/* End PBXSourcesBuildPhase section */

/* Begin XCBuildConfiguration section */
		B992DB732811C33300A251B8 /* Debug */ = {
			isa = XCBuildConfiguration;
			buildSettings = {
				ALWAYS_SEARCH_USER_PATHS = NO;
				CLANG_ANALYZER_NONNULL = YES;
				CLANG_ANALYZER_NUMBER_OBJECT_CONVERSION = YES_AGGRESSIVE;
				CLANG_CXX_LANGUAGE_STANDARD = "c++17";
				CLANG_ENABLE_MODULES = YES;
				CLANG_ENABLE_OBJC_ARC = YES;
				CLANG_ENABLE_OBJC_WEAK = YES;
				CLANG_WARN_BLOCK_CAPTURE_AUTORELEASING = YES;
				CLANG_WARN_BOOL_CONVERSION = YES;
				CLANG_WARN_COMMA = YES;
				CLANG_WARN_CONSTANT_CONVERSION = YES;
				CLANG_WARN_DEPRECATED_OBJC_IMPLEMENTATIONS = YES;
				CLANG_WARN_DIRECT_OBJC_ISA_USAGE = YES_ERROR;
				CLANG_WARN_DOCUMENTATION_COMMENTS = YES;
				CLANG_WARN_EMPTY_BODY = YES;
				CLANG_WARN_ENUM_CONVERSION = YES;
				CLANG_WARN_INFINITE_RECURSION = YES;
				CLANG_WARN_INT_CONVERSION = YES;
				CLANG_WARN_NON_LITERAL_NULL_CONVERSION = YES;
				CLANG_WARN_OBJC_IMPLICIT_RETAIN_SELF = YES;
				CLANG_WARN_OBJC_LITERAL_CONVERSION = YES;
				CLANG_WARN_OBJC_ROOT_CLASS = YES_ERROR;
				CLANG_WARN_QUOTED_INCLUDE_IN_FRAMEWORK_HEADER = YES;
				CLANG_WARN_RANGE_LOOP_ANALYSIS = YES;
				CLANG_WARN_STRICT_PROTOTYPES = YES;
				CLANG_WARN_SUSPICIOUS_MOVE = YES;
				CLANG_WARN_UNGUARDED_AVAILABILITY = YES_AGGRESSIVE;
				CLANG_WARN_UNREACHABLE_CODE = YES;
				CLANG_WARN__DUPLICATE_METHOD_MATCH = YES;
				COPY_PHASE_STRIP = NO;
				DEBUG_INFORMATION_FORMAT = dwarf;
				ENABLE_STRICT_OBJC_MSGSEND = YES;
				ENABLE_TESTABILITY = YES;
				"EXCLUDED_ARCHS[sdk=iphonesimulator*]" = "";
				GCC_C_LANGUAGE_STANDARD = gnu11;
				GCC_DYNAMIC_NO_PIC = NO;
				GCC_NO_COMMON_BLOCKS = YES;
				GCC_OPTIMIZATION_LEVEL = 0;
				GCC_PREPROCESSOR_DEFINITIONS = (
					"DEBUG=1",
					"$(inherited)",
				);
				GCC_WARN_64_TO_32_BIT_CONVERSION = YES;
				GCC_WARN_ABOUT_RETURN_TYPE = YES_ERROR;
				GCC_WARN_UNDECLARED_SELECTOR = YES;
				GCC_WARN_UNINITIALIZED_AUTOS = YES_AGGRESSIVE;
				GCC_WARN_UNUSED_FUNCTION = YES;
				GCC_WARN_UNUSED_VARIABLE = YES;
				MACOSX_DEPLOYMENT_TARGET = 10.14;
				MTL_ENABLE_DEBUG_INFO = INCLUDE_SOURCE;
				MTL_FAST_MATH = YES;
				ONLY_ACTIVE_ARCH = YES;
				REACT_NATIVE_PATH = "${PODS_ROOT}/../../node_modules/react-native";
				SDKROOT = macosx;
			};
			name = Debug;
		};
		B992DB742811C33300A251B8 /* Release */ = {
			isa = XCBuildConfiguration;
			buildSettings = {
				ALWAYS_SEARCH_USER_PATHS = NO;
				CLANG_ANALYZER_NONNULL = YES;
				CLANG_ANALYZER_NUMBER_OBJECT_CONVERSION = YES_AGGRESSIVE;
				CLANG_CXX_LANGUAGE_STANDARD = "c++17";
				CLANG_ENABLE_MODULES = YES;
				CLANG_ENABLE_OBJC_ARC = YES;
				CLANG_ENABLE_OBJC_WEAK = YES;
				CLANG_WARN_BLOCK_CAPTURE_AUTORELEASING = YES;
				CLANG_WARN_BOOL_CONVERSION = YES;
				CLANG_WARN_COMMA = YES;
				CLANG_WARN_CONSTANT_CONVERSION = YES;
				CLANG_WARN_DEPRECATED_OBJC_IMPLEMENTATIONS = YES;
				CLANG_WARN_DIRECT_OBJC_ISA_USAGE = YES_ERROR;
				CLANG_WARN_DOCUMENTATION_COMMENTS = YES;
				CLANG_WARN_EMPTY_BODY = YES;
				CLANG_WARN_ENUM_CONVERSION = YES;
				CLANG_WARN_INFINITE_RECURSION = YES;
				CLANG_WARN_INT_CONVERSION = YES;
				CLANG_WARN_NON_LITERAL_NULL_CONVERSION = YES;
				CLANG_WARN_OBJC_IMPLICIT_RETAIN_SELF = YES;
				CLANG_WARN_OBJC_LITERAL_CONVERSION = YES;
				CLANG_WARN_OBJC_ROOT_CLASS = YES_ERROR;
				CLANG_WARN_QUOTED_INCLUDE_IN_FRAMEWORK_HEADER = YES;
				CLANG_WARN_RANGE_LOOP_ANALYSIS = YES;
				CLANG_WARN_STRICT_PROTOTYPES = YES;
				CLANG_WARN_SUSPICIOUS_MOVE = YES;
				CLANG_WARN_UNGUARDED_AVAILABILITY = YES_AGGRESSIVE;
				CLANG_WARN_UNREACHABLE_CODE = YES;
				CLANG_WARN__DUPLICATE_METHOD_MATCH = YES;
				COPY_PHASE_STRIP = NO;
				DEBUG_INFORMATION_FORMAT = "dwarf-with-dsym";
				ENABLE_NS_ASSERTIONS = NO;
				ENABLE_STRICT_OBJC_MSGSEND = YES;
				"EXCLUDED_ARCHS[sdk=iphonesimulator*]" = "";
				GCC_C_LANGUAGE_STANDARD = gnu11;
				GCC_NO_COMMON_BLOCKS = YES;
				GCC_WARN_64_TO_32_BIT_CONVERSION = YES;
				GCC_WARN_ABOUT_RETURN_TYPE = YES_ERROR;
				GCC_WARN_UNDECLARED_SELECTOR = YES;
				GCC_WARN_UNINITIALIZED_AUTOS = YES_AGGRESSIVE;
				GCC_WARN_UNUSED_FUNCTION = YES;
				GCC_WARN_UNUSED_VARIABLE = YES;
				MACOSX_DEPLOYMENT_TARGET = 10.14;
				MTL_ENABLE_DEBUG_INFO = NO;
				MTL_FAST_MATH = YES;
				REACT_NATIVE_PATH = "${PODS_ROOT}/../../node_modules/react-native";
				SDKROOT = macosx;
			};
			name = Release;
		};
		B992DB762811C33300A251B8 /* Debug */ = {
			isa = XCBuildConfiguration;
			baseConfigurationReference = 01F3DF25984DE82C3C3C50C4 /* Pods-ReactNative-macOS.debug.xcconfig */;
			buildSettings = {
				CODE_SIGN_STYLE = Automatic;
				EXECUTABLE_PREFIX = lib;
				MACH_O_TYPE = staticlib;
				OTHER_LDFLAGS = (
					"-ObjC",
					"-l\"stdc++\"",
				);
				PRODUCT_NAME = "$(TARGET_NAME)";
				SKIP_INSTALL = YES;
			};
			name = Debug;
		};
		B992DB772811C33300A251B8 /* Release */ = {
			isa = XCBuildConfiguration;
			baseConfigurationReference = BF09FAAE44906801DC687D15 /* Pods-ReactNative-macOS.release.xcconfig */;
			buildSettings = {
				CODE_SIGN_STYLE = Automatic;
				EXECUTABLE_PREFIX = lib;
				MACH_O_TYPE = staticlib;
				OTHER_LDFLAGS = (
					"-ObjC",
					"-l\"stdc++\"",
				);
				PRODUCT_NAME = "$(TARGET_NAME)";
				SKIP_INSTALL = YES;
			};
			name = Release;
		};
/* End XCBuildConfiguration section */

/* Begin XCConfigurationList section */
		B992DB672811C33300A251B8 /* Build configuration list for PBXProject "ReactNative-macOS" */ = {
			isa = XCConfigurationList;
			buildConfigurations = (
				B992DB732811C33300A251B8 /* Debug */,
				B992DB742811C33300A251B8 /* Release */,
			);
			defaultConfigurationIsVisible = 0;
			defaultConfigurationName = Release;
		};
		B992DB752811C33300A251B8 /* Build configuration list for PBXNativeTarget "ReactNative-macOS" */ = {
			isa = XCConfigurationList;
			buildConfigurations = (
				B992DB762811C33300A251B8 /* Debug */,
				B992DB772811C33300A251B8 /* Release */,
			);
			defaultConfigurationIsVisible = 0;
			defaultConfigurationName = Release;
		};
/* End XCConfigurationList section */
	};
	rootObject = B992DB642811C33300A251B8 /* Project object */;
}
